
Microsoft Visual Studio Solution File, Format Version 12.00
# Visual Studio Version 16
VisualStudioVersion = 16.0.30717.126
MinimumVisualStudioVersion = 10.0.40219.1
Project("{9A19103F-16F7-4668-BE54-9A1E7A4F7556}") = "Rosey", "Rosey\Rosey.csproj", "{DBE8BDF7-94DB-4CF7-90CD-E88DC8E0020E}"
EndProject
Project("{FAE04EC0-301F-11D3-BF4B-00C04F79EFBC}") = "Rosey.Tests", "Rosey.Tests\Rosey.Tests.csproj", "{1CEF1B78-0F68-4265-82A6-9BCD2005B108}"
EndProject
Global
	GlobalSection(SolutionConfigurationPlatforms) = preSolution
		Debug|Any CPU = Debug|Any CPU
		Release|Any CPU = Release|Any CPU
	EndGlobalSection
	GlobalSection(ProjectConfigurationPlatforms) = postSolution
		{DBE8BDF7-94DB-4CF7-90CD-E88DC8E0020E}.Debug|Any CPU.ActiveCfg = Debug|Any CPU
		{DBE8BDF7-94DB-4CF7-90CD-E88DC8E0020E}.Debug|Any CPU.Build.0 = Debug|Any CPU
		{DBE8BDF7-94DB-4CF7-90CD-E88DC8E0020E}.Release|Any CPU.ActiveCfg = Release|Any CPU
		{DBE8BDF7-94DB-4CF7-90CD-E88DC8E0020E}.Release|Any CPU.Build.0 = Release|Any CPU
		{1CEF1B78-0F68-4265-82A6-9BCD2005B108}.Debug|Any CPU.ActiveCfg = Debug|Any CPU
		{1CEF1B78-0F68-4265-82A6-9BCD2005B108}.Debug|Any CPU.Build.0 = Debug|Any CPU
		{1CEF1B78-0F68-4265-82A6-9BCD2005B108}.Release|Any CPU.ActiveCfg = Release|Any CPU
		{1CEF1B78-0F68-4265-82A6-9BCD2005B108}.Release|Any CPU.Build.0 = Release|Any CPU
	EndGlobalSection
	GlobalSection(SolutionProperties) = preSolution
		HideSolutionNode = FALSE
	EndGlobalSection
	GlobalSection(ExtensibilityGlobals) = postSolution
		SolutionGuid = {D97B24F8-6BB8-4C45-91B5-8E947EF15678}
	EndGlobalSection
EndGlobal
